
Microsoft Visual Studio Solution File, Format Version 12.00
# Visual Studio Version 17
VisualStudioVersion = 17.4.33213.308
MinimumVisualStudioVersion = 10.0.40219.1
Project("{FAE04EC0-301F-11D3-BF4B-00C04F79EFBC}") = "Web411017470", "Web411017470\Web411017470.csproj", "{9E922963-547E-4ECF-B593-4A0AA32A6FE2}"
EndProject
Global
	GlobalSection(SolutionConfigurationPlatforms) = preSolution
		Debug|Any CPU = Debug|Any CPU
		Release|Any CPU = Release|Any CPU
	EndGlobalSection
	GlobalSection(ProjectConfigurationPlatforms) = postSolution
		{9E922963-547E-4ECF-B593-4A0AA32A6FE2}.Debug|Any CPU.ActiveCfg = Debug|Any CPU
		{9E922963-547E-4ECF-B593-4A0AA32A6FE2}.Debug|Any CPU.Build.0 = Debug|Any CPU
		{9E922963-547E-4ECF-B593-4A0AA32A6FE2}.Release|Any CPU.ActiveCfg = Release|Any CPU
		{9E922963-547E-4ECF-B593-4A0AA32A6FE2}.Release|Any CPU.Build.0 = Release|Any CPU
	EndGlobalSection
	GlobalSection(SolutionProperties) = preSolution
		HideSolutionNode = FALSE
	EndGlobalSection
	GlobalSection(ExtensibilityGlobals) = postSolution
		SolutionGuid = {E3DC1B54-A650-4EC8-8D9E-F398DA535BAD}
	EndGlobalSection
EndGlobal
